github.com/xgfone/go-defaults v0.18.0 h1:jdxUx6x1qvTn/+Tzpmp/0C4Nf2bAvf2tUiCxDwEWCUc=
github.com/xgfone/go-defaults v0.18.0/go.mod h1:RjyN5TK6hyaROkw2nyfchvCSCOch8rJ/zPO9nO4Y+EQ=
github.com/xgfone/go-op v0.10.0 h1:/fs+UiKwpaweUEioYoxw0+mksvtqCe/IKD+VUIpWBWw=
github.com/xgfone/go-op v0.10.0/go.mod h1:J8xaM7cCXnvDgpU3BjIqNz+1TGAJQPLKHVVeceu+emA=
