github.com/xgfone/go-op v0.16.1 h1:Nv/REiF3zWoXSR58VWtPCXsnFM0myoHzCcSEF5MH17I=
github.com/xgfone/go-op v0.16.1/go.mod h1:J8xaM7cCXnvDgpU3BjIqNz+1TGAJQPLKHVVeceu+emA=
github.com/xgfone/go-toolkit v0.12.0 h1:/cFsNnx652zad+TP1389yK2OpH6jhQ2W2LZOMBUzeLc=
github.com/xgfone/go-toolkit v0.12.0/go.mod h1:eOWnIK/acAJOoqEOtWnvuY0Pbn6cZ0DP/Oeoyn17QHw=
